
Microsoft Visual Studio Solution File, Format Version 12.00
Project("{FAE04EC0-301F-11D3-BF4B-00C04F79EFBC}") = "ZumbiRealtime", "ZumbiRealtime\ZumbiRealtime.csproj", "{AC7BB139-F76B-4955-AFB6-8CF7B04F52BE}"
EndProject
Global
	GlobalSection(SolutionConfigurationPlatforms) = preSolution
		Debug|Any CPU = Debug|Any CPU
		Release|Any CPU = Release|Any CPU
	EndGlobalSection
	GlobalSection(ProjectConfigurationPlatforms) = postSolution
		{AC7BB139-F76B-4955-AFB6-8CF7B04F52BE}.Debug|Any CPU.ActiveCfg = Debug|Any CPU
		{AC7BB139-F76B-4955-AFB6-8CF7B04F52BE}.Debug|Any CPU.Build.0 = Debug|Any CPU
		{AC7BB139-F76B-4955-AFB6-8CF7B04F52BE}.Release|Any CPU.ActiveCfg = Release|Any CPU
		{AC7BB139-F76B-4955-AFB6-8CF7B04F52BE}.Release|Any CPU.Build.0 = Release|Any CPU
	EndGlobalSection
EndGlobal
